Microsoft Visual Studio Solution File, Format Version 12.00
# Visual Studio Version 17
VisualStudioVersion = 17.5.2.0
MinimumVisualStudioVersion = 10.0.40219.1
Project("{FAE04EC0-301F-11D3-BF4B-00C04F79EFBC}") = "IngresoInformacion", "IngresoInformacion.csproj", "{A270C4C2-C9E1-4DED-E39F-345100B82811}"
EndProject
Global
	GlobalSection(SolutionConfigurationPlatforms) = preSolution
		Debug|Any CPU = Debug|Any CPU
		Release|Any CPU = Release|Any CPU
	EndGlobalSection
	GlobalSection(ProjectConfigurationPlatforms) = postSolution
		{A270C4C2-C9E1-4DED-E39F-345100B82811}.Debug|Any CPU.ActiveCfg = Debug|Any CPU
		{A270C4C2-C9E1-4DED-E39F-345100B82811}.Debug|Any CPU.Build.0 = Debug|Any CPU
		{A270C4C2-C9E1-4DED-E39F-345100B82811}.Release|Any CPU.ActiveCfg = Release|Any CPU
		{A270C4C2-C9E1-4DED-E39F-345100B82811}.Release|Any CPU.Build.0 = Release|Any CPU
	EndGlobalSection
	GlobalSection(SolutionProperties) = preSolution
		HideSolutionNode = FALSE
	EndGlobalSection
	GlobalSection(ExtensibilityGlobals) = postSolution
		SolutionGuid = {34CD53E1-C3FE-4478-BEE8-E52BB7FCA101}
	EndGlobalSection
EndGlobal
